
Microsoft Visual Studio Solution File, Format Version 12.00
# Visual Studio Version 17
VisualStudioVersion = 17.0.31912.275
MinimumVisualStudioVersion = 10.0.40219.1
Project("{FAE04EC0-301F-11D3-BF4B-00C04F79EFBC}") = "address", "address\address.csproj", "{AAB46BA9-B5A8-47F5-8476-7E7108C3D431}"
EndProject
Global
	GlobalSection(SolutionConfigurationPlatforms) = preSolution
		Debug|Any CPU = Debug|Any CPU
		Release|Any CPU = Release|Any CPU
	EndGlobalSection
	GlobalSection(ProjectConfigurationPlatforms) = postSolution
		{AAB46BA9-B5A8-47F5-8476-7E7108C3D431}.Debug|Any CPU.ActiveCfg = Debug|Any CPU
		{AAB46BA9-B5A8-47F5-8476-7E7108C3D431}.Debug|Any CPU.Build.0 = Debug|Any CPU
		{AAB46BA9-B5A8-47F5-8476-7E7108C3D431}.Release|Any CPU.ActiveCfg = Release|Any CPU
		{AAB46BA9-B5A8-47F5-8476-7E7108C3D431}.Release|Any CPU.Build.0 = Release|Any CPU
	EndGlobalSection
	GlobalSection(SolutionProperties) = preSolution
		HideSolutionNode = FALSE
	EndGlobalSection
	GlobalSection(ExtensibilityGlobals) = postSolution
		SolutionGuid = {3CDC2CDF-DDDF-43CB-9BE8-77FD83754FAE}
	EndGlobalSection
EndGlobal
